
Microsoft Visual Studio Solution File, Format Version 12.00
# Visual Studio Version 17
VisualStudioVersion = 17.2.32630.192
MinimumVisualStudioVersion = 10.0.40219.1
Project("{FAE04EC0-301F-11D3-BF4B-00C04F79EFBC}") = "TDSAlmaxarifado", "TDSAlmaxarifado\TDSAlmaxarifado.csproj", "{0C0D53B1-306B-45B5-B0B8-A881E6278586}"
EndProject
Project("{FAE04EC0-301F-11D3-BF4B-00C04F79EFBC}") = "TDSAlmaxarifadoTeste", "TDSAlmaxarifadoTeste\TDSAlmaxarifadoTeste.csproj", "{C75C0ACB-641A-4DC0-BA8D-F12B8CA78112}"
	ProjectSection(ProjectDependencies) = postProject
		{0C0D53B1-306B-45B5-B0B8-A881E6278586} = {0C0D53B1-306B-45B5-B0B8-A881E6278586}
	EndProjectSection
EndProject
Global
	GlobalSection(SolutionConfigurationPlatforms) = preSolution
		Debug|Any CPU = Debug|Any CPU
		Release|Any CPU = Release|Any CPU
	EndGlobalSection
	GlobalSection(ProjectConfigurationPlatforms) = postSolution
		{0C0D53B1-306B-45B5-B0B8-A881E6278586}.Debug|Any CPU.ActiveCfg = Debug|Any CPU
		{0C0D53B1-306B-45B5-B0B8-A881E6278586}.Debug|Any CPU.Build.0 = Debug|Any CPU
		{0C0D53B1-306B-45B5-B0B8-A881E6278586}.Release|Any CPU.ActiveCfg = Release|Any CPU
		{0C0D53B1-306B-45B5-B0B8-A881E6278586}.Release|Any CPU.Build.0 = Release|Any CPU
		{C75C0ACB-641A-4DC0-BA8D-F12B8CA78112}.Debug|Any CPU.ActiveCfg = Debug|Any CPU
		{C75C0ACB-641A-4DC0-BA8D-F12B8CA78112}.Debug|Any CPU.Build.0 = Debug|Any CPU
		{C75C0ACB-641A-4DC0-BA8D-F12B8CA78112}.Release|Any CPU.ActiveCfg = Release|Any CPU
		{C75C0ACB-641A-4DC0-BA8D-F12B8CA78112}.Release|Any CPU.Build.0 = Release|Any CPU
	EndGlobalSection
	GlobalSection(SolutionProperties) = preSolution
		HideSolutionNode = FALSE
	EndGlobalSection
	GlobalSection(ExtensibilityGlobals) = postSolution
		SolutionGuid = {A67214E9-2C0A-46F1-A858-D3FD8337D825}
	EndGlobalSection
EndGlobal
